// !$*UTF8*$!
{
	archiveVersion = 1;
	classes = {
	};
	objectVersion = 50;
	objects = {

/* Begin PBXBuildFile section */
		D302F8072590512D0071B4C0 /* QuizEngine.framework in Frameworks */ = {isa = PBXBuildFile; fileRef = D302F7FE2590512D0071B4C0 /* QuizEngine.framework */; };
		D302F829259052330071B4C0 /* FlowTests.swift in Sources */ = {isa = PBXBuildFile; fileRef = D37A5B332585B65D00FA2C6C /* FlowTests.swift */; };
		D302F82A259052330071B4C0 /* DepricatedGameTests.swift in Sources */ = {isa = PBXBuildFile; fileRef = D333C023258C583D008D3F4E /* DepricatedGameTests.swift */; };
		D302F830259052430071B4C0 /* Result.swift in Sources */ = {isa = PBXBuildFile; fileRef = D333C01B258C5717008D3F4E /* Result.swift */; };
		D302F831259052430071B4C0 /* Flow.swift in Sources */ = {isa = PBXBuildFile; fileRef = D37A5B412585B85500FA2C6C /* Flow.swift */; };
		D302F832259052430071B4C0 /* Router.swift in Sources */ = {isa = PBXBuildFile; fileRef = D333C01F258C5729008D3F4E /* Router.swift */; };
		D302F833259052430071B4C0 /* Game.swift in Sources */ = {isa = PBXBuildFile; fileRef = D333C027258C58EA008D3F4E /* Game.swift */; };
		D305B7E6259C2E76008531F4 /* Question.swift in Sources */ = {isa = PBXBuildFile; fileRef = D305B7E5259C2E76008531F4 /* Question.swift */; };
		D305B801259C2F71008531F4 /* Question.swift in Sources */ = {isa = PBXBuildFile; fileRef = D305B7E5259C2E76008531F4 /* Question.swift */; };
		D305B807259C2FDE008531F4 /* QuestionTests.swift in Sources */ = {isa = PBXBuildFile; fileRef = D305B806259C2FDE008531F4 /* QuestionTests.swift */; };
		D333C01C258C5717008D3F4E /* Result.swift in Sources */ = {isa = PBXBuildFile; fileRef = D333C01B258C5717008D3F4E /* Result.swift */; };
		D333C020258C5729008D3F4E /* Router.swift in Sources */ = {isa = PBXBuildFile; fileRef = D333C01F258C5729008D3F4E /* Router.swift */; };
		D333C024258C583D008D3F4E /* DepricatedGameTests.swift in Sources */ = {isa = PBXBuildFile; fileRef = D333C023258C583D008D3F4E /* DepricatedGameTests.swift */; };
		D333C028258C58EA008D3F4E /* Game.swift in Sources */ = {isa = PBXBuildFile; fileRef = D333C027258C58EA008D3F4E /* Game.swift */; };
		D37A5B1F2585B64300FA2C6C /* QuizEngine_.framework in Frameworks */ = {isa = PBXBuildFile; fileRef = D37A5B152585B64300FA2C6C /* QuizEngine_.framework */; };
		D37A5B342585B65D00FA2C6C /* FlowTests.swift in Sources */ = {isa = PBXBuildFile; fileRef = D37A5B332585B65D00FA2C6C /* FlowTests.swift */; };
		D37A5B422585B85500FA2C6C /* Flow.swift in Sources */ = {isa = PBXBuildFile; fileRef = D37A5B412585B85500FA2C6C /* Flow.swift */; };
		D38D764225A17CEC00CFBA3D /* QuestionTests.swift in Sources */ = {isa = PBXBuildFile; fileRef = D305B806259C2FDE008531F4 /* QuestionTests.swift */; };
/* End PBXBuildFile section */

/* Begin PBXContainerItemProxy section */
		D302F8082590512D0071B4C0 /* PBXContainerItemProxy */ = {
			isa = PBXContainerItemProxy;
			containerPortal = D37A5B0C2585B64300FA2C6C /* Project object */;
			proxyType = 1;
			remoteGlobalIDString = D302F7FD2590512D0071B4C0;
			remoteInfo = QuizEngine_iOS;
		};
		D37A5B202585B64300FA2C6C /* PBXContainerItemProxy */ = {
			isa = PBXContainerItemProxy;
			containerPortal = D37A5B0C2585B64300FA2C6C /* Project object */;
			proxyType = 1;
			remoteGlobalIDString = D37A5B142585B64300FA2C6C;
			remoteInfo = QuizEngine;
		};
/* End PBXContainerItemProxy section */

/* Begin PBXFileReference section */
		D302F7FE2590512D0071B4C0 /* QuizEngine.framework */ = {isa = PBXFileReference; explicitFileType = wrapper.framework; includeInIndex = 0; path = QuizEngine.framework; sourceTree = BUILT_PRODUCTS_DIR; };
		D302F8062590512D0071B4C0 /* QuizEngine_iOSTests.xctest */ = {isa = PBXFileReference; explicitFileType = wrapper.cfbundle; includeInIndex = 0; path = QuizEngine_iOSTests.xctest; sourceTree = BUILT_PRODUCTS_DIR; };
		D305B7E5259C2E76008531F4 /* Question.swift */ = {isa = PBXFileReference; fileEncoding = 4; lastKnownFileType = sourcecode.swift; path = Question.swift; sourceTree = "<group>"; };
		D305B806259C2FDE008531F4 /* QuestionTests.swift */ = {isa = PBXFileReference; fileEncoding = 4; lastKnownFileType = sourcecode.swift; path = QuestionTests.swift; sourceTree = "<group>"; };
		D333C01B258C5717008D3F4E /* Result.swift */ = {isa = PBXFileReference; lastKnownFileType = sourcecode.swift; path = Result.swift; sourceTree = "<group>"; };
		D333C01F258C5729008D3F4E /* Router.swift */ = {isa = PBXFileReference; lastKnownFileType = sourcecode.swift; path = Router.swift; sourceTree = "<group>"; };
		D333C023258C583D008D3F4E /* DepricatedGameTests.swift */ = {isa = PBXFileReference; lastKnownFileType = sourcecode.swift; path = DepricatedGameTests.swift; sourceTree = "<group>"; };
		D333C027258C58EA008D3F4E /* Game.swift */ = {isa = PBXFileReference; lastKnownFileType = sourcecode.swift; path = Game.swift; sourceTree = "<group>"; };
		D37A5B152585B64300FA2C6C /* QuizEngine_.framework */ = {isa = PBXFileReference; explicitFileType = wrapper.framework; includeInIndex = 0; path = QuizEngine_.framework; sourceTree = BUILT_PRODUCTS_DIR; };
		D37A5B192585B64300FA2C6C /* Info.plist */ = {isa = PBXFileReference; lastKnownFileType = text.plist.xml; path = Info.plist; sourceTree = "<group>"; };
		D37A5B1E2585B64300FA2C6C /* QuizEngineTests.xctest */ = {isa = PBXFileReference; explicitFileType = wrapper.cfbundle; includeInIndex = 0; path = QuizEngineTests.xctest; sourceTree = BUILT_PRODUCTS_DIR; };
		D37A5B252585B64300FA2C6C /* Info.plist */ = {isa = PBXFileReference; lastKnownFileType = text.plist.xml; path = Info.plist; sourceTree = "<group>"; };
		D37A5B332585B65D00FA2C6C /* FlowTests.swift */ = {isa = PBXFileReference; lastKnownFileType = sourcecode.swift; path = FlowTests.swift; sourceTree = "<group>"; };
		D37A5B412585B85500FA2C6C /* Flow.swift */ = {isa = PBXFileReference; lastKnownFileType = sourcecode.swift; path = Flow.swift; sourceTree = "<group>"; };
/* End PBXFileReference section */

/* Begin PBXFrameworksBuildPhase section */
		D302F7FB2590512D0071B4C0 /* Frameworks */ = {
			isa = PBXFrameworksBuildPhase;
			buildActionMask = 2147483647;
			files = (
			);
			runOnlyForDeploymentPostprocessing = 0;
		};
		D302F8032590512D0071B4C0 /* Frameworks */ = {
			isa = PBXFrameworksBuildPhase;
			buildActionMask = 2147483647;
			files = (
				D302F8072590512D0071B4C0 /* QuizEngine.framework in Frameworks */,
			);
			runOnlyForDeploymentPostprocessing = 0;
		};
		D37A5B122585B64300FA2C6C /* Frameworks */ = {
			isa = PBXFrameworksBuildPhase;
			buildActionMask = 2147483647;
			files = (
			);
			runOnlyForDeploymentPostprocessing = 0;
		};
		D37A5B1B2585B64300FA2C6C /* Frameworks */ = {
			isa = PBXFrameworksBuildPhase;
			buildActionMask = 2147483647;
			files = (
				D37A5B1F2585B64300FA2C6C /* QuizEngine_.framework in Frameworks */,
			);
			runOnlyForDeploymentPostprocessing = 0;
		};
/* End PBXFrameworksBuildPhase section */

/* Begin PBXGroup section */
		D37A5B0B2585B64300FA2C6C = {
			isa = PBXGroup;
			children = (
				D37A5B172585B64300FA2C6C /* QuizEngine */,
				D37A5B222585B64300FA2C6C /* QuizEngineTests */,
				D37A5B162585B64300FA2C6C /* Products */,
			);
			sourceTree = "<group>";
		};
		D37A5B162585B64300FA2C6C /* Products */ = {
			isa = PBXGroup;
			children = (
				D37A5B152585B64300FA2C6C /* QuizEngine_.framework */,
				D37A5B1E2585B64300FA2C6C /* QuizEngineTests.xctest */,
				D302F7FE2590512D0071B4C0 /* QuizEngine.framework */,
				D302F8062590512D0071B4C0 /* QuizEngine_iOSTests.xctest */,
			);
			name = Products;
			sourceTree = "<group>";
		};
		D37A5B172585B64300FA2C6C /* QuizEngine */ = {
			isa = PBXGroup;
			children = (
				D37A5B192585B64300FA2C6C /* Info.plist */,
				D305B7E5259C2E76008531F4 /* Question.swift */,
				D37A5B412585B85500FA2C6C /* Flow.swift */,
				D333C01B258C5717008D3F4E /* Result.swift */,
				D333C01F258C5729008D3F4E /* Router.swift */,
				D333C027258C58EA008D3F4E /* Game.swift */,
			);
			path = QuizEngine;
			sourceTree = "<group>";
		};
		D37A5B222585B64300FA2C6C /* QuizEngineTests */ = {
			isa = PBXGroup;
			children = (
				D37A5B252585B64300FA2C6C /* Info.plist */,
				D305B806259C2FDE008531F4 /* QuestionTests.swift */,
				D37A5B332585B65D00FA2C6C /* FlowTests.swift */,
				D333C023258C583D008D3F4E /* DepricatedGameTests.swift */,
			);
			path = QuizEngineTests;
			sourceTree = "<group>";
		};
/* End PBXGroup section */

/* Begin PBXHeadersBuildPhase section */
		D302F7F92590512D0071B4C0 /* Headers */ = {
			isa = PBXHeadersBuildPhase;
			buildActionMask = 2147483647;
			files = (
			);
			runOnlyForDeploymentPostprocessing = 0;
		};
		D37A5B102585B64300FA2C6C /* Headers */ = {
			isa = PBXHeadersBuildPhase;
			buildActionMask = 2147483647;
			files = (
			);
			runOnlyForDeploymentPostprocessing = 0;
		};
/* End PBXHeadersBuildPhase section */

/* Begin PBXNativeTarget section */
		D302F7FD2590512D0071B4C0 /* QuizEngine_iOS */ = {
			isa = PBXNativeTarget;
			buildConfigurationList = D302F80F2590512D0071B4C0 /* Build configuration list for PBXNativeTarget "QuizEngine_iOS" */;
			buildPhases = (
				D302F7F92590512D0071B4C0 /* Headers */,
				D302F7FA2590512D0071B4C0 /* Sources */,
				D302F7FB2590512D0071B4C0 /* Frameworks */,
				D302F7FC2590512D0071B4C0 /* Resources */,
			);
			buildRules = (
			);
			dependencies = (
			);
			name = QuizEngine_iOS;
			productName = QuizEngine_iOS;
			productReference = D302F7FE2590512D0071B4C0 /* QuizEngine.framework */;
			productType = "com.apple.product-type.framework";
		};
		D302F8052590512D0071B4C0 /* QuizEngine_iOSTests */ = {
			isa = PBXNativeTarget;
			buildConfigurationList = D302F8122590512D0071B4C0 /* Build configuration list for PBXNativeTarget "QuizEngine_iOSTests" */;
			buildPhases = (
				D302F8022590512D0071B4C0 /* Sources */,
				D302F8032590512D0071B4C0 /* Frameworks */,
				D302F8042590512D0071B4C0 /* Resources */,
			);
			buildRules = (
			);
			dependencies = (
				D302F8092590512D0071B4C0 /* PBXTargetDependency */,
			);
			name = QuizEngine_iOSTests;
			productName = QuizEngine_iOSTests;
			productReference = D302F8062590512D0071B4C0 /* QuizEngine_iOSTests.xctest */;
			productType = "com.apple.product-type.bundle.unit-test";
		};
		D37A5B142585B64300FA2C6C /* QuizEngine */ = {
			isa = PBXNativeTarget;
			buildConfigurationList = D37A5B292585B64300FA2C6C /* Build configuration list for PBXNativeTarget "QuizEngine" */;
			buildPhases = (
				D37A5B102585B64300FA2C6C /* Headers */,
				D37A5B112585B64300FA2C6C /* Sources */,
				D37A5B122585B64300FA2C6C /* Frameworks */,
				D37A5B132585B64300FA2C6C /* Resources */,
			);
			buildRules = (
			);
			dependencies = (
			);
			name = QuizEngine;
			productName = QuizEngine;
			productReference = D37A5B152585B64300FA2C6C /* QuizEngine_.framework */;
			productType = "com.apple.product-type.framework";
		};
		D37A5B1D2585B64300FA2C6C /* QuizEngineTests */ = {
			isa = PBXNativeTarget;
			buildConfigurationList = D37A5B2C2585B64300FA2C6C /* Build configuration list for PBXNativeTarget "QuizEngineTests" */;
			buildPhases = (
				D37A5B1A2585B64300FA2C6C /* Sources */,
				D37A5B1B2585B64300FA2C6C /* Frameworks */,
				D37A5B1C2585B64300FA2C6C /* Resources */,
			);
			buildRules = (
			);
			dependencies = (
				D37A5B212585B64300FA2C6C /* PBXTargetDependency */,
			);
			name = QuizEngineTests;
			productName = QuizEngineTests;
			productReference = D37A5B1E2585B64300FA2C6C /* QuizEngineTests.xctest */;
			productType = "com.apple.product-type.bundle.unit-test";
		};
/* End PBXNativeTarget section */

/* Begin PBXProject section */
		D37A5B0C2585B64300FA2C6C /* Project object */ = {
			isa = PBXProject;
			attributes = {
				LastSwiftUpdateCheck = 1210;
				LastUpgradeCheck = 1210;
				TargetAttributes = {
					D302F7FD2590512D0071B4C0 = {
						CreatedOnToolsVersion = 12.1;
					};
					D302F8052590512D0071B4C0 = {
						CreatedOnToolsVersion = 12.1;
					};
					D37A5B142585B64300FA2C6C = {
						CreatedOnToolsVersion = 12.1;
						LastSwiftMigration = 1210;
					};
					D37A5B1D2585B64300FA2C6C = {
						CreatedOnToolsVersion = 12.1;
					};
				};
			};
			buildConfigurationList = D37A5B0F2585B64300FA2C6C /* Build configuration list for PBXProject "QuizEngine" */;
			compatibilityVersion = "Xcode 9.3";
			developmentRegion = en;
			hasScannedForEncodings = 0;
			knownRegions = (
				en,
				Base,
			);
			mainGroup = D37A5B0B2585B64300FA2C6C;
			productRefGroup = D37A5B162585B64300FA2C6C /* Products */;
			projectDirPath = "";
			projectRoot = "";
			targets = (
				D37A5B142585B64300FA2C6C /* QuizEngine */,
				D37A5B1D2585B64300FA2C6C /* QuizEngineTests */,
				D302F7FD2590512D0071B4C0 /* QuizEngine_iOS */,
				D302F8052590512D0071B4C0 /* QuizEngine_iOSTests */,
			);
		};
/* End PBXProject section */

/* Begin PBXResourcesBuildPhase section */
		D302F7FC2590512D0071B4C0 /* Resources */ = {
			isa = PBXResourcesBuildPhase;
			buildActionMask = 2147483647;
			files = (
			);
			runOnlyForDeploymentPostprocessing = 0;
		};
		D302F8042590512D0071B4C0 /* Resources */ = {
			isa = PBXResourcesBuildPhase;
			buildActionMask = 2147483647;
			files = (
			);
			runOnlyForDeploymentPostprocessing = 0;
		};
		D37A5B132585B64300FA2C6C /* Resources */ = {
			isa = PBXResourcesBuildPhase;
			buildActionMask = 2147483647;
			files = (
			);
			runOnlyForDeploymentPostprocessing = 0;
		};
		D37A5B1C2585B64300FA2C6C /* Resources */ = {
			isa = PBXResourcesBuildPhase;
			buildActionMask = 2147483647;
			files = (
			);
			runOnlyForDeploymentPostprocessing = 0;
		};
/* End PBXResourcesBuildPhase section */

/* Begin PBXSourcesBuildPhase section */
		D302F7FA2590512D0071B4C0 /* Sources */ = {
			isa = PBXSourcesBuildPhase;
			buildActionMask = 2147483647;
			files = (
				D305B801259C2F71008531F4 /* Question.swift in Sources */,
				D302F830259052430071B4C0 /* Result.swift in Sources */,
				D302F832259052430071B4C0 /* Router.swift in Sources */,
				D302F831259052430071B4C0 /* Flow.swift in Sources */,
				D302F833259052430071B4C0 /* Game.swift in Sources */,
			);
			runOnlyForDeploymentPostprocessing = 0;
		};
		D302F8022590512D0071B4C0 /* Sources */ = {
			isa = PBXSourcesBuildPhase;
			buildActionMask = 2147483647;
			files = (
				D302F829259052330071B4C0 /* FlowTests.swift in Sources */,
				D38D764225A17CEC00CFBA3D /* QuestionTests.swift in Sources */,
				D302F82A259052330071B4C0 /* DepricatedGameTests.swift in Sources */,
			);
			runOnlyForDeploymentPostprocessing = 0;
		};
		D37A5B112585B64300FA2C6C /* Sources */ = {
			isa = PBXSourcesBuildPhase;
			buildActionMask = 2147483647;
			files = (
				D305B7E6259C2E76008531F4 /* Question.swift in Sources */,
				D333C01C258C5717008D3F4E /* Result.swift in Sources */,
				D333C020258C5729008D3F4E /* Router.swift in Sources */,
				D37A5B422585B85500FA2C6C /* Flow.swift in Sources */,
				D333C028258C58EA008D3F4E /* Game.swift in Sources */,
			);
			runOnlyForDeploymentPostprocessing = 0;
		};
		D37A5B1A2585B64300FA2C6C /* Sources */ = {
			isa = PBXSourcesBuildPhase;
			buildActionMask = 2147483647;
			files = (
				D37A5B342585B65D00FA2C6C /* FlowTests.swift in Sources */,
				D305B807259C2FDE008531F4 /* QuestionTests.swift in Sources */,
				D333C024258C583D008D3F4E /* DepricatedGameTests.swift in Sources */,
			);
			runOnlyForDeploymentPostprocessing = 0;
		};
/* End PBXSourcesBuildPhase section */

/* Begin PBXTargetDependency section */
		D302F8092590512D0071B4C0 /* PBXTargetDependency */ = {
			isa = PBXTargetDependency;
			target = D302F7FD2590512D0071B4C0 /* QuizEngine_iOS */;
			targetProxy = D302F8082590512D0071B4C0 /* PBXContainerItemProxy */;
		};
		D37A5B212585B64300FA2C6C /* PBXTargetDependency */ = {
			isa = PBXTargetDependency;
			target = D37A5B142585B64300FA2C6C /* QuizEngine */;
			targetProxy = D37A5B202585B64300FA2C6C /* PBXContainerItemProxy */;
		};
/* End PBXTargetDependency section */

/* Begin XCBuildConfiguration section */
		D302F8102590512D0071B4C0 /* Debug */ = {
			isa = XCBuildConfiguration;
			buildSettings = {
				CODE_SIGN_STYLE = Automatic;
				DEFINES_MODULE = YES;
				DEVELOPMENT_TEAM = TLNUVH8MS9;
				DYLIB_COMPATIBILITY_VERSION = 1;
				DYLIB_CURRENT_VERSION = 1;
				DYLIB_INSTALL_NAME_BASE = "@rpath";
				INFOPLIST_FILE = QuizEngine/Info.plist;
				INSTALL_PATH = "$(LOCAL_LIBRARY_DIR)/Frameworks";
				IPHONEOS_DEPLOYMENT_TARGET = 14.1;
				LD_RUNPATH_SEARCH_PATHS = (
					"$(inherited)",
					"@executable_path/Frameworks",
					"@loader_path/Frameworks",
				);
				PRODUCT_BUNDLE_IDENTIFIER = "com..QuizEngine-iOS";
				PRODUCT_NAME = QuizEngine;
				SDKROOT = iphoneos;
				SKIP_INSTALL = YES;
				SWIFT_VERSION = 5.0;
				TARGETED_DEVICE_FAMILY = "1,2";
			};
			name = Debug;
		};
		D302F8112590512D0071B4C0 /* Release */ = {
			isa = XCBuildConfiguration;
			buildSettings = {
				CODE_SIGN_STYLE = Automatic;
				DEFINES_MODULE = YES;
				DEVELOPMENT_TEAM = TLNUVH8MS9;
				DYLIB_COMPATIBILITY_VERSION = 1;
				DYLIB_CURRENT_VERSION = 1;
				DYLIB_INSTALL_NAME_BASE = "@rpath";
				INFOPLIST_FILE = QuizEngine/Info.plist;
				INSTALL_PATH = "$(LOCAL_LIBRARY_DIR)/Frameworks";
				IPHONEOS_DEPLOYMENT_TARGET = 14.1;
				LD_RUNPATH_SEARCH_PATHS = (
					"$(inherited)",
					"@executable_path/Frameworks",
					"@loader_path/Frameworks",
				);
				PRODUCT_BUNDLE_IDENTIFIER = "com..QuizEngine-iOS";
				PRODUCT_NAME = QuizEngine;
				SDKROOT = iphoneos;
				SKIP_INSTALL = YES;
				SWIFT_VERSION = 5.0;
				TARGETED_DEVICE_FAMILY = "1,2";
				VALIDATE_PRODUCT = YES;
			};
			name = Release;
		};
		D302F8132590512D0071B4C0 /* Debug */ = {
			isa = XCBuildConfiguration;
			buildSettings = {
				ALWAYS_EMBED_SWIFT_STANDARD_LIBRARIES = YES;
				CODE_SIGN_STYLE = Automatic;
				DEVELOPMENT_TEAM = TLNUVH8MS9;
				INFOPLIST_FILE = QuizEngineTests/Info.plist;
				IPHONEOS_DEPLOYMENT_TARGET = 14.1;
				LD_RUNPATH_SEARCH_PATHS = (
					"$(inherited)",
					"@executable_path/Frameworks",
					"@loader_path/Frameworks",
				);
				PRODUCT_BUNDLE_IDENTIFIER = "com..QuizEngine-iOSTests";
				PRODUCT_NAME = "$(TARGET_NAME)";
				SDKROOT = iphoneos;
				SWIFT_VERSION = 5.0;
				TARGETED_DEVICE_FAMILY = "1,2";
			};
			name = Debug;
		};
		D302F8142590512D0071B4C0 /* Release */ = {
			isa = XCBuildConfiguration;
			buildSettings = {
				ALWAYS_EMBED_SWIFT_STANDARD_LIBRARIES = YES;
				CODE_SIGN_STYLE = Automatic;
				DEVELOPMENT_TEAM = TLNUVH8MS9;
				INFOPLIST_FILE = QuizEngineTests/Info.plist;
				IPHONEOS_DEPLOYMENT_TARGET = 14.1;
				LD_RUNPATH_SEARCH_PATHS = (
					"$(inherited)",
					"@executable_path/Frameworks",
					"@loader_path/Frameworks",
				);
				PRODUCT_BUNDLE_IDENTIFIER = "com..QuizEngine-iOSTests";
				PRODUCT_NAME = "$(TARGET_NAME)";
				SDKROOT = iphoneos;
				SWIFT_VERSION = 5.0;
				TARGETED_DEVICE_FAMILY = "1,2";
				VALIDATE_PRODUCT = YES;
			};
			name = Release;
		};
		D37A5B272585B64300FA2C6C /* Debug */ = {
			isa = XCBuildConfiguration;
			buildSettings = {
				ALWAYS_SEARCH_USER_PATHS = NO;
				CLANG_ANALYZER_NONNULL = YES;
				CLANG_ANALYZER_NUMBER_OBJECT_CONVERSION = YES_AGGRESSIVE;
				CLANG_CXX_LANGUAGE_STANDARD = "gnu++14";
				CLANG_CXX_LIBRARY = "libc++";
				CLANG_ENABLE_MODULES = YES;
				CLANG_ENABLE_OBJC_ARC = YES;
				CLANG_ENABLE_OBJC_WEAK = YES;
				CLANG_WARN_BLOCK_CAPTURE_AUTORELEASING = YES;
				CLANG_WARN_BOOL_CONVERSION = YES;
				CLANG_WARN_COMMA = YES;
				CLANG_WARN_CONSTANT_CONVERSION = YES;
				CLANG_WARN_DEPRECATED_OBJC_IMPLEMENTATIONS = YES;
				CLANG_WARN_DIRECT_OBJC_ISA_USAGE = YES_ERROR;
				CLANG_WARN_DOCUMENTATION_COMMENTS = YES;
				CLANG_WARN_EMPTY_BODY = YES;
				CLANG_WARN_ENUM_CONVERSION = YES;
				CLANG_WARN_INFINITE_RECURSION = YES;
				CLANG_WARN_INT_CONVERSION = YES;
				CLANG_WARN_NON_LITERAL_NULL_CONVERSION = YES;
				CLANG_WARN_OBJC_IMPLICIT_RETAIN_SELF = YES;
				CLANG_WARN_OBJC_LITERAL_CONVERSION = YES;
				CLANG_WARN_OBJC_ROOT_CLASS = YES_ERROR;
				CLANG_WARN_QUOTED_INCLUDE_IN_FRAMEWORK_HEADER = YES;
				CLANG_WARN_RANGE_LOOP_ANALYSIS = YES;
				CLANG_WARN_STRICT_PROTOTYPES = YES;
				CLANG_WARN_SUSPICIOUS_MOVE = YES;
				CLANG_WARN_UNGUARDED_AVAILABILITY = YES_AGGRESSIVE;
				CLANG_WARN_UNREACHABLE_CODE = YES;
				CLANG_WARN__DUPLICATE_METHOD_MATCH = YES;
				COPY_PHASE_STRIP = NO;
				CURRENT_PROJECT_VERSION = 1;
				DEBUG_INFORMATION_FORMAT = dwarf;
				ENABLE_STRICT_OBJC_MSGSEND = YES;
				ENABLE_TESTABILITY = YES;
				GCC_C_LANGUAGE_STANDARD = gnu11;
				GCC_DYNAMIC_NO_PIC = NO;
				GCC_NO_COMMON_BLOCKS = YES;
				GCC_OPTIMIZATION_LEVEL = 0;
				GCC_PREPROCESSOR_DEFINITIONS = (
					"DEBUG=1",
					"$(inherited)",
				);
				GCC_WARN_64_TO_32_BIT_CONVERSION = YES;
				GCC_WARN_ABOUT_RETURN_TYPE = YES_ERROR;
				GCC_WARN_UNDECLARED_SELECTOR = YES;
				GCC_WARN_UNINITIALIZED_AUTOS = YES_AGGRESSIVE;
				GCC_WARN_UNUSED_FUNCTION = YES;
				GCC_WARN_UNUSED_VARIABLE = YES;
				IPHONEOS_DEPLOYMENT_TARGET = 14.1;
				MACOSX_DEPLOYMENT_TARGET = 10.15;
				MTL_ENABLE_DEBUG_INFO = INCLUDE_SOURCE;
				MTL_FAST_MATH = YES;
				ONLY_ACTIVE_ARCH = YES;
				SDKROOT = macosx;
				SWIFT_ACTIVE_COMPILATION_CONDITIONS = DEBUG;
				SWIFT_OPTIMIZATION_LEVEL = "-Onone";
				VERSIONING_SYSTEM = "apple-generic";
				VERSION_INFO_PREFIX = "";
			};
			name = Debug;
		};
		D37A5B282585B64300FA2C6C /* Release */ = {
			isa = XCBuildConfiguration;
			buildSettings = {
				ALWAYS_SEARCH_USER_PATHS = NO;
				CLANG_ANALYZER_NONNULL = YES;
				CLANG_ANALYZER_NUMBER_OBJECT_CONVERSION = YES_AGGRESSIVE;
				CLANG_CXX_LANGUAGE_STANDARD = "gnu++14";
				CLANG_CXX_LIBRARY = "libc++";
				CLANG_ENABLE_MODULES = YES;
				CLANG_ENABLE_OBJC_ARC = YES;
				CLANG_ENABLE_OBJC_WEAK = YES;
				CLANG_WARN_BLOCK_CAPTURE_AUTORELEASING = YES;
				CLANG_WARN_BOOL_CONVERSION = YES;
				CLANG_WARN_COMMA = YES;
				CLANG_WARN_CONSTANT_CONVERSION = YES;
				CLANG_WARN_DEPRECATED_OBJC_IMPLEMENTATIONS = YES;
				CLANG_WARN_DIRECT_OBJC_ISA_USAGE = YES_ERROR;
				CLANG_WARN_DOCUMENTATION_COMMENTS = YES;
				CLANG_WARN_EMPTY_BODY = YES;
				CLANG_WARN_ENUM_CONVERSION = YES;
				CLANG_WARN_INFINITE_RECURSION = YES;
				CLANG_WARN_INT_CONVERSION = YES;
				CLANG_WARN_NON_LITERAL_NULL_CONVERSION = YES;
				CLANG_WARN_OBJC_IMPLICIT_RETAIN_SELF = YES;
				CLANG_WARN_OBJC_LITERAL_CONVERSION = YES;
				CLANG_WARN_OBJC_ROOT_CLASS = YES_ERROR;
				CLANG_WARN_QUOTED_INCLUDE_IN_FRAMEWORK_HEADER = YES;
				CLANG_WARN_RANGE_LOOP_ANALYSIS = YES;
				CLANG_WARN_STRICT_PROTOTYPES = YES;
				CLANG_WARN_SUSPICIOUS_MOVE = YES;
				CLANG_WARN_UNGUARDED_AVAILABILITY = YES_AGGRESSIVE;
				CLANG_WARN_UNREACHABLE_CODE = YES;
				CLANG_WARN__DUPLICATE_METHOD_MATCH = YES;
				COPY_PHASE_STRIP = NO;
				CURRENT_PROJECT_VERSION = 1;
				DEBUG_INFORMATION_FORMAT = "dwarf-with-dsym";
				ENABLE_NS_ASSERTIONS = NO;
				ENABLE_STRICT_OBJC_MSGSEND = YES;
				GCC_C_LANGUAGE_STANDARD = gnu11;
				GCC_NO_COMMON_BLOCKS = YES;
				GCC_WARN_64_TO_32_BIT_CONVERSION = YES;
				GCC_WARN_ABOUT_RETURN_TYPE = YES_ERROR;
				GCC_WARN_UNDECLARED_SELECTOR = YES;
				GCC_WARN_UNINITIALIZED_AUTOS = YES_AGGRESSIVE;
				GCC_WARN_UNUSED_FUNCTION = YES;
				GCC_WARN_UNUSED_VARIABLE = YES;
				IPHONEOS_DEPLOYMENT_TARGET = 14.1;
				MACOSX_DEPLOYMENT_TARGET = 10.15;
				MTL_ENABLE_DEBUG_INFO = NO;
				MTL_FAST_MATH = YES;
				SDKROOT = macosx;
				SWIFT_COMPILATION_MODE = wholemodule;
				SWIFT_OPTIMIZATION_LEVEL = "-O";
				VERSIONING_SYSTEM = "apple-generic";
				VERSION_INFO_PREFIX = "";
			};
			name = Release;
		};
		D37A5B2A2585B64300FA2C6C /* Debug */ = {
			isa = XCBuildConfiguration;
			buildSettings = {
				CLANG_ENABLE_MODULES = YES;
				CODE_SIGN_STYLE = Automatic;
				COMBINE_HIDPI_IMAGES = YES;
				DEFINES_MODULE = YES;
				DEVELOPMENT_TEAM = TLNUVH8MS9;
				DYLIB_COMPATIBILITY_VERSION = 1;
				DYLIB_CURRENT_VERSION = 1;
				DYLIB_INSTALL_NAME_BASE = "@rpath";
				INFOPLIST_FILE = QuizEngine/Info.plist;
				INSTALL_PATH = "$(LOCAL_LIBRARY_DIR)/Frameworks";
				LD_RUNPATH_SEARCH_PATHS = (
					"$(inherited)",
					"@executable_path/../Frameworks",
					"@loader_path/Frameworks",
				);
				PRODUCT_BUNDLE_IDENTIFIER = com..QuizEngine;
				PRODUCT_NAME = QuizEngine_;
				SKIP_INSTALL = YES;
				SWIFT_OPTIMIZATION_LEVEL = "-Onone";
				SWIFT_VERSION = 5.0;
			};
			name = Debug;
		};
		D37A5B2B2585B64300FA2C6C /* Release */ = {
			isa = XCBuildConfiguration;
			buildSettings = {
				CLANG_ENABLE_MODULES = YES;
				CODE_SIGN_STYLE = Automatic;
				COMBINE_HIDPI_IMAGES = YES;
				DEFINES_MODULE = YES;
				DEVELOPMENT_TEAM = TLNUVH8MS9;
				DYLIB_COMPATIBILITY_VERSION = 1;
				DYLIB_CURRENT_VERSION = 1;
				DYLIB_INSTALL_NAME_BASE = "@rpath";
				INFOPLIST_FILE = QuizEngine/Info.plist;
				INSTALL_PATH = "$(LOCAL_LIBRARY_DIR)/Frameworks";
				LD_RUNPATH_SEARCH_PATHS = (
					"$(inherited)",
					"@executable_path/../Frameworks",
					"@loader_path/Frameworks",
				);
				PRODUCT_BUNDLE_IDENTIFIER = com..QuizEngine;
				PRODUCT_NAME = QuizEngine_;
				SKIP_INSTALL = YES;
				SWIFT_VERSION = 5.0;
			};
			name = Release;
		};
		D37A5B2D2585B64300FA2C6C /* Debug */ = {
			isa = XCBuildConfiguration;
			buildSettings = {
				ALWAYS_EMBED_SWIFT_STANDARD_LIBRARIES = YES;
				CODE_SIGN_STYLE = Automatic;
				COMBINE_HIDPI_IMAGES = YES;
				DEVELOPMENT_TEAM = TLNUVH8MS9;
				INFOPLIST_FILE = QuizEngineTests/Info.plist;
				LD_RUNPATH_SEARCH_PATHS = (
					"$(inherited)",
					"@executable_path/../Frameworks",
					"@loader_path/../Frameworks",
				);
				PRODUCT_BUNDLE_IDENTIFIER = com..QuizEngineTests;
				PRODUCT_NAME = "$(TARGET_NAME)";
				SWIFT_VERSION = 5.0;
			};
			name = Debug;
		};
		D37A5B2E2585B64300FA2C6C /* Release */ = {
			isa = XCBuildConfiguration;
			buildSettings = {
				ALWAYS_EMBED_SWIFT_STANDARD_LIBRARIES = YES;
				CODE_SIGN_STYLE = Automatic;
				COMBINE_HIDPI_IMAGES = YES;
				DEVELOPMENT_TEAM = TLNUVH8MS9;
				INFOPLIST_FILE = QuizEngineTests/Info.plist;
				LD_RUNPATH_SEARCH_PATHS = (
					"$(inherited)",
					"@executable_path/../Frameworks",
					"@loader_path/../Frameworks",
				);
				PRODUCT_BUNDLE_IDENTIFIER = com..QuizEngineTests;
				PRODUCT_NAME = "$(TARGET_NAME)";
				SWIFT_VERSION = 5.0;
			};
			name = Release;
		};
/* End XCBuildConfiguration section */

/* Begin XCConfigurationList section */
		D302F80F2590512D0071B4C0 /* Build configuration list for PBXNativeTarget "QuizEngine_iOS" */ = {
			isa = XCConfigurationList;
			buildConfigurations = (
				D302F8102590512D0071B4C0 /* Debug */,
				D302F8112590512D0071B4C0 /* Release */,
			);
			defaultConfigurationIsVisible = 0;
			defaultConfigurationName = Release;
		};
		D302F8122590512D0071B4C0 /* Build configuration list for PBXNativeTarget "QuizEngine_iOSTests" */ = {
			isa = XCConfigurationList;
			buildConfigurations = (
				D302F8132590512D0071B4C0 /* Debug */,
				D302F8142590512D0071B4C0 /* Release */,
			);
			defaultConfigurationIsVisible = 0;
			defaultConfigurationName = Release;
		};
		D37A5B0F2585B64300FA2C6C /* Build configuration list for PBXProject "QuizEngine" */ = {
			isa = XCConfigurationList;
			buildConfigurations = (
				D37A5B272585B64300FA2C6C /* Debug */,
				D37A5B282585B64300FA2C6C /* Release */,
			);
			defaultConfigurationIsVisible = 0;
			defaultConfigurationName = Release;
		};
		D37A5B292585B64300FA2C6C /* Build configuration list for PBXNativeTarget "QuizEngine" */ = {
			isa = XCConfigurationList;
			buildConfigurations = (
				D37A5B2A2585B64300FA2C6C /* Debug */,
				D37A5B2B2585B64300FA2C6C /* Release */,
			);
			defaultConfigurationIsVisible = 0;
			defaultConfigurationName = Release;
		};
		D37A5B2C2585B64300FA2C6C /* Build configuration list for PBXNativeTarget "QuizEngineTests" */ = {
			isa = XCConfigurationList;
			buildConfigurations = (
				D37A5B2D2585B64300FA2C6C /* Debug */,
				D37A5B2E2585B64300FA2C6C /* Release */,
			);
			defaultConfigurationIsVisible = 0;
			defaultConfigurationName = Release;
		};
/* End XCConfigurationList section */
	};
	rootObject = D37A5B0C2585B64300FA2C6C /* Project object */;
}
