// !$*UTF8*$!
{
	archiveVersion = 1;
	classes = {
	};
	objectVersion = 50;
	objects = {

/* Begin PBXBuildFile section */
		D302F847259053E10071B4C0 /* NavigationControllerRouterTests.swift in Sources */ = {isa = PBXBuildFile; fileRef = D302F846259053E10071B4C0 /* NavigationControllerRouterTests.swift */; };
		D302F84F2590557B0071B4C0 /* NavigationControllerRouter.swift in Sources */ = {isa = PBXBuildFile; fileRef = D302F84E2590557B0071B4C0 /* NavigationControllerRouter.swift */; };
		D305B7FD259C2F22008531F4 /* QuizEngine.framework in Frameworks */ = {isa = PBXBuildFile; fileRef = D305B7FC259C2F22008531F4 /* QuizEngine.framework */; };
		D305B7FE259C2F22008531F4 /* QuizEngine.framework in Embed Frameworks */ = {isa = PBXBuildFile; fileRef = D305B7FC259C2F22008531F4 /* QuizEngine.framework */; settings = {ATTRIBUTES = (CodeSignOnCopy, RemoveHeadersOnCopy, ); }; };
		D313E2912598396C007F1534 /* iOSViewControllerFactory.swift in Sources */ = {isa = PBXBuildFile; fileRef = D33D3A4B25958F8E0020A855 /* iOSViewControllerFactory.swift */; };
		D313E29725983C57007F1534 /* QuestionPresenterTests.swift in Sources */ = {isa = PBXBuildFile; fileRef = D313E29625983C57007F1534 /* QuestionPresenterTests.swift */; };
		D313E29B25983D2E007F1534 /* QuestionPresenter.swift in Sources */ = {isa = PBXBuildFile; fileRef = D313E29A25983D2E007F1534 /* QuestionPresenter.swift */; };
		D31C4865258B3472004159EB /* UITableViewExtensions.swift in Sources */ = {isa = PBXBuildFile; fileRef = D31C4864258B3472004159EB /* UITableViewExtensions.swift */; };
		D31C486A258B3499004159EB /* PresentableAnswer.swift in Sources */ = {isa = PBXBuildFile; fileRef = D31C4869258B3499004159EB /* PresentableAnswer.swift */; };
		D31C486F258B34DA004159EB /* CorrectAnswerCell.swift in Sources */ = {isa = PBXBuildFile; fileRef = D31C486E258B34DA004159EB /* CorrectAnswerCell.swift */; };
		D31C4874258B34FD004159EB /* WrongAnswerCell.swift in Sources */ = {isa = PBXBuildFile; fileRef = D31C4873258B34FD004159EB /* WrongAnswerCell.swift */; };
		D320CADA2589DA5100FC4DBB /* CorrectAnswerCell.xib in Resources */ = {isa = PBXBuildFile; fileRef = D320CAD92589DA5100FC4DBB /* CorrectAnswerCell.xib */; };
		D320CAE22589DEE600FC4DBB /* WrongAnswerCell.xib in Resources */ = {isa = PBXBuildFile; fileRef = D320CAE12589DEE600FC4DBB /* WrongAnswerCell.xib */; };
		D33D3A4825958E510020A855 /* ViewControllerFactory.swift in Sources */ = {isa = PBXBuildFile; fileRef = D33D3A4725958E510020A855 /* ViewControllerFactory.swift */; };
		D33D3A5025958FFD0020A855 /* iOSViewControllerFactoryTests.swift in Sources */ = {isa = PBXBuildFile; fileRef = D33D3A4F25958FFD0020A855 /* iOSViewControllerFactoryTests.swift */; };
		D35B1D6025B2933000CE08DF /* ScoreTests.swift in Sources */ = {isa = PBXBuildFile; fileRef = D35B1D5F25B2933000CE08DF /* ScoreTests.swift */; };
		D35B1D6B25B2937D00CE08DF /* BasicScoring.swift in Sources */ = {isa = PBXBuildFile; fileRef = D35B1D6A25B2937D00CE08DF /* BasicScoring.swift */; };
		D38A604A2596DC90005E5D05 /* ResultsPresenterTests.swift in Sources */ = {isa = PBXBuildFile; fileRef = D38A60492596DC90005E5D05 /* ResultsPresenterTests.swift */; };
		D38A604E2596DE06005E5D05 /* ResultsPresenter.swift in Sources */ = {isa = PBXBuildFile; fileRef = D38A604D2596DE06005E5D05 /* ResultsPresenter.swift */; };
		D3CC9CA925885907001F81D7 /* AppDelegate.swift in Sources */ = {isa = PBXBuildFile; fileRef = D3CC9CA825885907001F81D7 /* AppDelegate.swift */; };
		D3CC9CB225885908001F81D7 /* Assets.xcassets in Resources */ = {isa = PBXBuildFile; fileRef = D3CC9CB125885908001F81D7 /* Assets.xcassets */; };
		D3CC9CB525885908001F81D7 /* LaunchScreen.storyboard in Resources */ = {isa = PBXBuildFile; fileRef = D3CC9CB325885908001F81D7 /* LaunchScreen.storyboard */; };
		D3CC9CCB25885908001F81D7 /* QuizAppUITests.swift in Sources */ = {isa = PBXBuildFile; fileRef = D3CC9CCA25885908001F81D7 /* QuizAppUITests.swift */; };
		D3CC9CE2258859E5001F81D7 /* QuestionVCTests.swift in Sources */ = {isa = PBXBuildFile; fileRef = D3CC9CE1258859E5001F81D7 /* QuestionVCTests.swift */; };
		D3CC9CEA25885AED001F81D7 /* QuestionVC.swift in Sources */ = {isa = PBXBuildFile; fileRef = D3CC9CE925885AED001F81D7 /* QuestionVC.swift */; };
		D3CC9CF725885B6B001F81D7 /* QuestionVC.xib in Resources */ = {isa = PBXBuildFile; fileRef = D3CC9CF625885B6B001F81D7 /* QuestionVC.xib */; };
		D3E80F552589D2080082BA78 /* ResultVCTests.swift in Sources */ = {isa = PBXBuildFile; fileRef = D3E80F542589D2080082BA78 /* ResultVCTests.swift */; };
		D3E80F5A2589D2DB0082BA78 /* ResultVC.swift in Sources */ = {isa = PBXBuildFile; fileRef = D3E80F592589D2DB0082BA78 /* ResultVC.swift */; };
		D3E80F5F2589D2FD0082BA78 /* ResultVC.xib in Resources */ = {isa = PBXBuildFile; fileRef = D3E80F5E2589D2FD0082BA78 /* ResultVC.xib */; };
		D3E80F642589D5080082BA78 /* UITableViewExtensions.swift in Sources */ = {isa = PBXBuildFile; fileRef = D3E80F632589D5080082BA78 /* UITableViewExtensions.swift */; };
/* End PBXBuildFile section */

/* Begin PBXContainerItemProxy section */
		D3CC9CBC25885908001F81D7 /* PBXContainerItemProxy */ = {
			isa = PBXContainerItemProxy;
			containerPortal = D3CC9C9D25885907001F81D7 /* Project object */;
			proxyType = 1;
			remoteGlobalIDString = D3CC9CA425885907001F81D7;
			remoteInfo = QuizApp;
		};
		D3CC9CC725885908001F81D7 /* PBXContainerItemProxy */ = {
			isa = PBXContainerItemProxy;
			containerPortal = D3CC9C9D25885907001F81D7 /* Project object */;
			proxyType = 1;
			remoteGlobalIDString = D3CC9CA425885907001F81D7;
			remoteInfo = QuizApp;
		};
/* End PBXContainerItemProxy section */

/* Begin PBXCopyFilesBuildPhase section */
		D305B7F9259C2F17008531F4 /* Embed Frameworks */ = {
			isa = PBXCopyFilesBuildPhase;
			buildActionMask = 2147483647;
			dstPath = "";
			dstSubfolderSpec = 10;
			files = (
				D305B7FE259C2F22008531F4 /* QuizEngine.framework in Embed Frameworks */,
			);
			name = "Embed Frameworks";
			runOnlyForDeploymentPostprocessing = 0;
		};
/* End PBXCopyFilesBuildPhase section */

/* Begin PBXFileReference section */
		D302F846259053E10071B4C0 /* NavigationControllerRouterTests.swift */ = {isa = PBXFileReference; lastKnownFileType = sourcecode.swift; path = NavigationControllerRouterTests.swift; sourceTree = "<group>"; };
		D302F84E2590557B0071B4C0 /* NavigationControllerRouter.swift */ = {isa = PBXFileReference; lastKnownFileType = sourcecode.swift; path = NavigationControllerRouter.swift; sourceTree = "<group>"; };
		D305B7FC259C2F22008531F4 /* QuizEngine.framework */ = {isa = PBXFileReference; explicitFileType = wrapper.framework; path = QuizEngine.framework; sourceTree = BUILT_PRODUCTS_DIR; };
		D313E29625983C57007F1534 /* QuestionPresenterTests.swift */ = {isa = PBXFileReference; lastKnownFileType = sourcecode.swift; path = QuestionPresenterTests.swift; sourceTree = "<group>"; };
		D313E29A25983D2E007F1534 /* QuestionPresenter.swift */ = {isa = PBXFileReference; fileEncoding = 4; lastKnownFileType = sourcecode.swift; path = QuestionPresenter.swift; sourceTree = "<group>"; };
		D31C4864258B3472004159EB /* UITableViewExtensions.swift */ = {isa = PBXFileReference; lastKnownFileType = sourcecode.swift; path = UITableViewExtensions.swift; sourceTree = "<group>"; };
		D31C4869258B3499004159EB /* PresentableAnswer.swift */ = {isa = PBXFileReference; lastKnownFileType = sourcecode.swift; path = PresentableAnswer.swift; sourceTree = "<group>"; };
		D31C486E258B34DA004159EB /* CorrectAnswerCell.swift */ = {isa = PBXFileReference; lastKnownFileType = sourcecode.swift; path = CorrectAnswerCell.swift; sourceTree = "<group>"; };
		D31C4873258B34FD004159EB /* WrongAnswerCell.swift */ = {isa = PBXFileReference; lastKnownFileType = sourcecode.swift; path = WrongAnswerCell.swift; sourceTree = "<group>"; };
		D320CAD92589DA5100FC4DBB /* CorrectAnswerCell.xib */ = {isa = PBXFileReference; lastKnownFileType = file.xib; path = CorrectAnswerCell.xib; sourceTree = "<group>"; };
		D320CAE12589DEE600FC4DBB /* WrongAnswerCell.xib */ = {isa = PBXFileReference; lastKnownFileType = file.xib; path = WrongAnswerCell.xib; sourceTree = "<group>"; };
		D33D3A4725958E510020A855 /* ViewControllerFactory.swift */ = {isa = PBXFileReference; lastKnownFileType = sourcecode.swift; path = ViewControllerFactory.swift; sourceTree = "<group>"; };
		D33D3A4B25958F8E0020A855 /* iOSViewControllerFactory.swift */ = {isa = PBXFileReference; lastKnownFileType = sourcecode.swift; path = iOSViewControllerFactory.swift; sourceTree = "<group>"; };
		D33D3A4F25958FFD0020A855 /* iOSViewControllerFactoryTests.swift */ = {isa = PBXFileReference; lastKnownFileType = sourcecode.swift; path = iOSViewControllerFactoryTests.swift; sourceTree = "<group>"; };
		D35B1D5F25B2933000CE08DF /* ScoreTests.swift */ = {isa = PBXFileReference; fileEncoding = 4; lastKnownFileType = sourcecode.swift; path = ScoreTests.swift; sourceTree = "<group>"; };
		D35B1D6A25B2937D00CE08DF /* BasicScoring.swift */ = {isa = PBXFileReference; lastKnownFileType = sourcecode.swift; path = BasicScoring.swift; sourceTree = "<group>"; };
		D38A60492596DC90005E5D05 /* ResultsPresenterTests.swift */ = {isa = PBXFileReference; lastKnownFileType = sourcecode.swift; path = ResultsPresenterTests.swift; sourceTree = "<group>"; };
		D38A604D2596DE06005E5D05 /* ResultsPresenter.swift */ = {isa = PBXFileReference; lastKnownFileType = sourcecode.swift; path = ResultsPresenter.swift; sourceTree = "<group>"; };
		D3CC9CA525885907001F81D7 /* QuizApp.app */ = {isa = PBXFileReference; explicitFileType = wrapper.application; includeInIndex = 0; path = QuizApp.app; sourceTree = BUILT_PRODUCTS_DIR; };
		D3CC9CA825885907001F81D7 /* AppDelegate.swift */ = {isa = PBXFileReference; lastKnownFileType = sourcecode.swift; path = AppDelegate.swift; sourceTree = "<group>"; };
		D3CC9CB125885908001F81D7 /* Assets.xcassets */ = {isa = PBXFileReference; lastKnownFileType = folder.assetcatalog; path = Assets.xcassets; sourceTree = "<group>"; };
		D3CC9CB425885908001F81D7 /* Base */ = {isa = PBXFileReference; lastKnownFileType = file.storyboard; name = Base; path = Base.lproj/LaunchScreen.storyboard; sourceTree = "<group>"; };
		D3CC9CB625885908001F81D7 /* Info.plist */ = {isa = PBXFileReference; lastKnownFileType = text.plist.xml; path = Info.plist; sourceTree = "<group>"; };
		D3CC9CBB25885908001F81D7 /* QuizAppTests.xctest */ = {isa = PBXFileReference; explicitFileType = wrapper.cfbundle; includeInIndex = 0; path = QuizAppTests.xctest; sourceTree = BUILT_PRODUCTS_DIR; };
		D3CC9CC125885908001F81D7 /* Info.plist */ = {isa = PBXFileReference; lastKnownFileType = text.plist.xml; path = Info.plist; sourceTree = "<group>"; };
		D3CC9CC625885908001F81D7 /* QuizAppUITests.xctest */ = {isa = PBXFileReference; explicitFileType = wrapper.cfbundle; includeInIndex = 0; path = QuizAppUITests.xctest; sourceTree = BUILT_PRODUCTS_DIR; };
		D3CC9CCA25885908001F81D7 /* QuizAppUITests.swift */ = {isa = PBXFileReference; lastKnownFileType = sourcecode.swift; path = QuizAppUITests.swift; sourceTree = "<group>"; };
		D3CC9CCC25885908001F81D7 /* Info.plist */ = {isa = PBXFileReference; lastKnownFileType = text.plist.xml; path = Info.plist; sourceTree = "<group>"; };
		D3CC9CE1258859E5001F81D7 /* QuestionVCTests.swift */ = {isa = PBXFileReference; lastKnownFileType = sourcecode.swift; path = QuestionVCTests.swift; sourceTree = "<group>"; };
		D3CC9CE925885AED001F81D7 /* QuestionVC.swift */ = {isa = PBXFileReference; lastKnownFileType = sourcecode.swift; path = QuestionVC.swift; sourceTree = "<group>"; };
		D3CC9CF625885B6B001F81D7 /* QuestionVC.xib */ = {isa = PBXFileReference; lastKnownFileType = file.xib; path = QuestionVC.xib; sourceTree = "<group>"; };
		D3E80F542589D2080082BA78 /* ResultVCTests.swift */ = {isa = PBXFileReference; lastKnownFileType = sourcecode.swift; path = ResultVCTests.swift; sourceTree = "<group>"; };
		D3E80F592589D2DB0082BA78 /* ResultVC.swift */ = {isa = PBXFileReference; lastKnownFileType = sourcecode.swift; path = ResultVC.swift; sourceTree = "<group>"; };
		D3E80F5E2589D2FD0082BA78 /* ResultVC.xib */ = {isa = PBXFileReference; lastKnownFileType = file.xib; path = ResultVC.xib; sourceTree = "<group>"; };
		D3E80F632589D5080082BA78 /* UITableViewExtensions.swift */ = {isa = PBXFileReference; lastKnownFileType = sourcecode.swift; path = UITableViewExtensions.swift; sourceTree = "<group>"; };
/* End PBXFileReference section */

/* Begin PBXFrameworksBuildPhase section */
		D3CC9CA225885907001F81D7 /* Frameworks */ = {
			isa = PBXFrameworksBuildPhase;
			buildActionMask = 2147483647;
			files = (
				D305B7FD259C2F22008531F4 /* QuizEngine.framework in Frameworks */,
			);
			runOnlyForDeploymentPostprocessing = 0;
		};
		D3CC9CB825885908001F81D7 /* Frameworks */ = {
			isa = PBXFrameworksBuildPhase;
			buildActionMask = 2147483647;
			files = (
			);
			runOnlyForDeploymentPostprocessing = 0;
		};
		D3CC9CC325885908001F81D7 /* Frameworks */ = {
			isa = PBXFrameworksBuildPhase;
			buildActionMask = 2147483647;
			files = (
			);
			runOnlyForDeploymentPostprocessing = 0;
		};
/* End PBXFrameworksBuildPhase section */

/* Begin PBXGroup section */
		D302F83C2590532C0071B4C0 /* Frameworks */ = {
			isa = PBXGroup;
			children = (
				D305B7FC259C2F22008531F4 /* QuizEngine.framework */,
			);
			name = Frameworks;
			sourceTree = "<group>";
		};
		D35B1D5E25B2932400CE08DF /* Scoring */ = {
			isa = PBXGroup;
			children = (
				D35B1D5F25B2933000CE08DF /* ScoreTests.swift */,
			);
			path = Scoring;
			sourceTree = "<group>";
		};
		D35B1D6925B2936E00CE08DF /* Scoring */ = {
			isa = PBXGroup;
			children = (
				D35B1D6A25B2937D00CE08DF /* BasicScoring.swift */,
			);
			path = Scoring;
			sourceTree = "<group>";
		};
		D3CC9C9C25885907001F81D7 = {
			isa = PBXGroup;
			children = (
				D3CC9CA725885907001F81D7 /* QuizApp */,
				D3CC9CBE25885908001F81D7 /* QuizAppTests */,
				D3CC9CC925885908001F81D7 /* QuizAppUITests */,
				D3CC9CA625885907001F81D7 /* Products */,
				D302F83C2590532C0071B4C0 /* Frameworks */,
			);
			sourceTree = "<group>";
		};
		D3CC9CA625885907001F81D7 /* Products */ = {
			isa = PBXGroup;
			children = (
				D3CC9CA525885907001F81D7 /* QuizApp.app */,
				D3CC9CBB25885908001F81D7 /* QuizAppTests.xctest */,
				D3CC9CC625885908001F81D7 /* QuizAppUITests.xctest */,
			);
			name = Products;
			sourceTree = "<group>";
		};
		D3CC9CA725885907001F81D7 /* QuizApp */ = {
			isa = PBXGroup;
			children = (
				D35B1D6925B2936E00CE08DF /* Scoring */,
				D3DDBDA5259D7D1E000C4203 /* Routing */,
				D3DDBDA2259D7CE9000C4203 /* Presentation */,
				D3DDBD9C259D7C74000C4203 /* UI */,
				D3DDBD9B259D7C5D000C4203 /* Main */,
			);
			path = QuizApp;
			sourceTree = "<group>";
		};
		D3CC9CBE25885908001F81D7 /* QuizAppTests */ = {
			isa = PBXGroup;
			children = (
				D35B1D5E25B2932400CE08DF /* Scoring */,
				D3DDBDAD259D7DA6000C4203 /* Routing */,
				D3DDBDAA259D7D75000C4203 /* Presentation */,
				D3DDBDA6259D7D2C000C4203 /* UI */,
				D3DDBDAE259D7DEC000C4203 /* Main */,
			);
			path = QuizAppTests;
			sourceTree = "<group>";
		};
		D3CC9CC925885908001F81D7 /* QuizAppUITests */ = {
			isa = PBXGroup;
			children = (
				D3CC9CCA25885908001F81D7 /* QuizAppUITests.swift */,
				D3CC9CCC25885908001F81D7 /* Info.plist */,
			);
			path = QuizAppUITests;
			sourceTree = "<group>";
		};
		D3DDBD9B259D7C5D000C4203 /* Main */ = {
			isa = PBXGroup;
			children = (
				D3CC9CA825885907001F81D7 /* AppDelegate.swift */,
				D33D3A4B25958F8E0020A855 /* iOSViewControllerFactory.swift */,
				D3CC9CB125885908001F81D7 /* Assets.xcassets */,
				D3CC9CB625885908001F81D7 /* Info.plist */,
			);
			path = Main;
			sourceTree = "<group>";
		};
		D3DDBD9C259D7C74000C4203 /* UI */ = {
			isa = PBXGroup;
			children = (
				D3DDBDA1259D7CD3000C4203 /* Launch */,
				D3DDBD9E259D7C96000C4203 /* Result */,
				D3DDBD9D259D7C87000C4203 /* Question */,
			);
			path = UI;
			sourceTree = "<group>";
		};
		D3DDBD9D259D7C87000C4203 /* Question */ = {
			isa = PBXGroup;
			children = (
				D3CC9CE925885AED001F81D7 /* QuestionVC.swift */,
				D3CC9CF625885B6B001F81D7 /* QuestionVC.xib */,
			);
			path = Question;
			sourceTree = "<group>";
		};
		D3DDBD9E259D7C96000C4203 /* Result */ = {
			isa = PBXGroup;
			children = (
				D3DDBDA0259D7CC5000C4203 /* Helpers */,
				D3DDBD9F259D7CA2000C4203 /* Cells */,
				D3E80F592589D2DB0082BA78 /* ResultVC.swift */,
				D3E80F5E2589D2FD0082BA78 /* ResultVC.xib */,
			);
			path = Result;
			sourceTree = "<group>";
		};
		D3DDBD9F259D7CA2000C4203 /* Cells */ = {
			isa = PBXGroup;
			children = (
				D31C486E258B34DA004159EB /* CorrectAnswerCell.swift */,
				D320CAD92589DA5100FC4DBB /* CorrectAnswerCell.xib */,
				D31C4873258B34FD004159EB /* WrongAnswerCell.swift */,
				D320CAE12589DEE600FC4DBB /* WrongAnswerCell.xib */,
			);
			path = Cells;
			sourceTree = "<group>";
		};
		D3DDBDA0259D7CC5000C4203 /* Helpers */ = {
			isa = PBXGroup;
			children = (
				D31C4864258B3472004159EB /* UITableViewExtensions.swift */,
			);
			path = Helpers;
			sourceTree = "<group>";
		};
		D3DDBDA1259D7CD3000C4203 /* Launch */ = {
			isa = PBXGroup;
			children = (
				D3CC9CB325885908001F81D7 /* LaunchScreen.storyboard */,
			);
			path = Launch;
			sourceTree = "<group>";
		};
		D3DDBDA2259D7CE9000C4203 /* Presentation */ = {
			isa = PBXGroup;
			children = (
				D3DDBDA4259D7D0D000C4203 /* Result */,
				D3DDBDA3259D7D04000C4203 /* Question */,
			);
			path = Presentation;
			sourceTree = "<group>";
		};
		D3DDBDA3259D7D04000C4203 /* Question */ = {
			isa = PBXGroup;
			children = (
				D313E29A25983D2E007F1534 /* QuestionPresenter.swift */,
			);
			path = Question;
			sourceTree = "<group>";
		};
		D3DDBDA4259D7D0D000C4203 /* Result */ = {
			isa = PBXGroup;
			children = (
				D31C4869258B3499004159EB /* PresentableAnswer.swift */,
				D38A604D2596DE06005E5D05 /* ResultsPresenter.swift */,
			);
			path = Result;
			sourceTree = "<group>";
		};
		D3DDBDA5259D7D1E000C4203 /* Routing */ = {
			isa = PBXGroup;
			children = (
				D302F84E2590557B0071B4C0 /* NavigationControllerRouter.swift */,
				D33D3A4725958E510020A855 /* ViewControllerFactory.swift */,
			);
			path = Routing;
			sourceTree = "<group>";
		};
		D3DDBDA6259D7D2C000C4203 /* UI */ = {
			isa = PBXGroup;
			children = (
				D3DDBDA9259D7D5A000C4203 /* Helpers */,
				D3DDBDA8259D7D50000C4203 /* Result */,
				D3DDBDA7259D7D49000C4203 /* Qustion */,
			);
			path = UI;
			sourceTree = "<group>";
		};
		D3DDBDA7259D7D49000C4203 /* Qustion */ = {
			isa = PBXGroup;
			children = (
				D3CC9CE1258859E5001F81D7 /* QuestionVCTests.swift */,
			);
			path = Qustion;
			sourceTree = "<group>";
		};
		D3DDBDA8259D7D50000C4203 /* Result */ = {
			isa = PBXGroup;
			children = (
				D3E80F542589D2080082BA78 /* ResultVCTests.swift */,
			);
			path = Result;
			sourceTree = "<group>";
		};
		D3DDBDA9259D7D5A000C4203 /* Helpers */ = {
			isa = PBXGroup;
			children = (
				D3E80F632589D5080082BA78 /* UITableViewExtensions.swift */,
			);
			path = Helpers;
			sourceTree = "<group>";
		};
		D3DDBDAA259D7D75000C4203 /* Presentation */ = {
			isa = PBXGroup;
			children = (
				D3DDBDAC259D7D9D000C4203 /* Result */,
				D3DDBDAB259D7D91000C4203 /* Question */,
			);
			path = Presentation;
			sourceTree = "<group>";
		};
		D3DDBDAB259D7D91000C4203 /* Question */ = {
			isa = PBXGroup;
			children = (
				D313E29625983C57007F1534 /* QuestionPresenterTests.swift */,
			);
			path = Question;
			sourceTree = "<group>";
		};
		D3DDBDAC259D7D9D000C4203 /* Result */ = {
			isa = PBXGroup;
			children = (
				D38A60492596DC90005E5D05 /* ResultsPresenterTests.swift */,
			);
			path = Result;
			sourceTree = "<group>";
		};
		D3DDBDAD259D7DA6000C4203 /* Routing */ = {
			isa = PBXGroup;
			children = (
				D302F846259053E10071B4C0 /* NavigationControllerRouterTests.swift */,
			);
			path = Routing;
			sourceTree = "<group>";
		};
		D3DDBDAE259D7DEC000C4203 /* Main */ = {
			isa = PBXGroup;
			children = (
				D33D3A4F25958FFD0020A855 /* iOSViewControllerFactoryTests.swift */,
				D3CC9CC125885908001F81D7 /* Info.plist */,
			);
			path = Main;
			sourceTree = "<group>";
		};
/* End PBXGroup section */

/* Begin PBXNativeTarget section */
		D3CC9CA425885907001F81D7 /* QuizApp */ = {
			isa = PBXNativeTarget;
			buildConfigurationList = D3CC9CCF25885908001F81D7 /* Build configuration list for PBXNativeTarget "QuizApp" */;
			buildPhases = (
				D3CC9CA125885907001F81D7 /* Sources */,
				D3CC9CA225885907001F81D7 /* Frameworks */,
				D3CC9CA325885907001F81D7 /* Resources */,
				D305B7F9259C2F17008531F4 /* Embed Frameworks */,
			);
			buildRules = (
			);
			dependencies = (
			);
			name = QuizApp;
			productName = QuizApp;
			productReference = D3CC9CA525885907001F81D7 /* QuizApp.app */;
			productType = "com.apple.product-type.application";
		};
		D3CC9CBA25885908001F81D7 /* QuizAppTests */ = {
			isa = PBXNativeTarget;
			buildConfigurationList = D3CC9CD225885908001F81D7 /* Build configuration list for PBXNativeTarget "QuizAppTests" */;
			buildPhases = (
				D3CC9CB725885908001F81D7 /* Sources */,
				D3CC9CB825885908001F81D7 /* Frameworks */,
				D3CC9CB925885908001F81D7 /* Resources */,
			);
			buildRules = (
			);
			dependencies = (
				D3CC9CBD25885908001F81D7 /* PBXTargetDependency */,
			);
			name = QuizAppTests;
			productName = QuizAppTests;
			productReference = D3CC9CBB25885908001F81D7 /* QuizAppTests.xctest */;
			productType = "com.apple.product-type.bundle.unit-test";
		};
		D3CC9CC525885908001F81D7 /* QuizAppUITests */ = {
			isa = PBXNativeTarget;
			buildConfigurationList = D3CC9CD525885908001F81D7 /* Build configuration list for PBXNativeTarget "QuizAppUITests" */;
			buildPhases = (
				D3CC9CC225885908001F81D7 /* Sources */,
				D3CC9CC325885908001F81D7 /* Frameworks */,
				D3CC9CC425885908001F81D7 /* Resources */,
			);
			buildRules = (
			);
			dependencies = (
				D3CC9CC825885908001F81D7 /* PBXTargetDependency */,
			);
			name = QuizAppUITests;
			productName = QuizAppUITests;
			productReference = D3CC9CC625885908001F81D7 /* QuizAppUITests.xctest */;
			productType = "com.apple.product-type.bundle.ui-testing";
		};
/* End PBXNativeTarget section */

/* Begin PBXProject section */
		D3CC9C9D25885907001F81D7 /* Project object */ = {
			isa = PBXProject;
			attributes = {
				LastSwiftUpdateCheck = 1210;
				LastUpgradeCheck = 1210;
				TargetAttributes = {
					D3CC9CA425885907001F81D7 = {
						CreatedOnToolsVersion = 12.1;
					};
					D3CC9CBA25885908001F81D7 = {
						CreatedOnToolsVersion = 12.1;
						TestTargetID = D3CC9CA425885907001F81D7;
					};
					D3CC9CC525885908001F81D7 = {
						CreatedOnToolsVersion = 12.1;
						TestTargetID = D3CC9CA425885907001F81D7;
					};
				};
			};
			buildConfigurationList = D3CC9CA025885907001F81D7 /* Build configuration list for PBXProject "QuizApp" */;
			compatibilityVersion = "Xcode 9.3";
			developmentRegion = en;
			hasScannedForEncodings = 0;
			knownRegions = (
				en,
				Base,
			);
			mainGroup = D3CC9C9C25885907001F81D7;
			productRefGroup = D3CC9CA625885907001F81D7 /* Products */;
			projectDirPath = "";
			projectRoot = "";
			targets = (
				D3CC9CA425885907001F81D7 /* QuizApp */,
				D3CC9CBA25885908001F81D7 /* QuizAppTests */,
				D3CC9CC525885908001F81D7 /* QuizAppUITests */,
			);
		};
/* End PBXProject section */

/* Begin PBXResourcesBuildPhase section */
		D3CC9CA325885907001F81D7 /* Resources */ = {
			isa = PBXResourcesBuildPhase;
			buildActionMask = 2147483647;
			files = (
				D3CC9CF725885B6B001F81D7 /* QuestionVC.xib in Resources */,
				D320CAE22589DEE600FC4DBB /* WrongAnswerCell.xib in Resources */,
				D3E80F5F2589D2FD0082BA78 /* ResultVC.xib in Resources */,
				D3CC9CB525885908001F81D7 /* LaunchScreen.storyboard in Resources */,
				D320CADA2589DA5100FC4DBB /* CorrectAnswerCell.xib in Resources */,
				D3CC9CB225885908001F81D7 /* Assets.xcassets in Resources */,
			);
			runOnlyForDeploymentPostprocessing = 0;
		};
		D3CC9CB925885908001F81D7 /* Resources */ = {
			isa = PBXResourcesBuildPhase;
			buildActionMask = 2147483647;
			files = (
			);
			runOnlyForDeploymentPostprocessing = 0;
		};
		D3CC9CC425885908001F81D7 /* Resources */ = {
			isa = PBXResourcesBuildPhase;
			buildActionMask = 2147483647;
			files = (
			);
			runOnlyForDeploymentPostprocessing = 0;
		};
/* End PBXResourcesBuildPhase section */

/* Begin PBXSourcesBuildPhase section */
		D3CC9CA125885907001F81D7 /* Sources */ = {
			isa = PBXSourcesBuildPhase;
			buildActionMask = 2147483647;
			files = (
				D302F84F2590557B0071B4C0 /* NavigationControllerRouter.swift in Sources */,
				D35B1D6B25B2937D00CE08DF /* BasicScoring.swift in Sources */,
				D33D3A4825958E510020A855 /* ViewControllerFactory.swift in Sources */,
				D3CC9CEA25885AED001F81D7 /* QuestionVC.swift in Sources */,
				D3E80F5A2589D2DB0082BA78 /* ResultVC.swift in Sources */,
				D31C4874258B34FD004159EB /* WrongAnswerCell.swift in Sources */,
				D3CC9CA925885907001F81D7 /* AppDelegate.swift in Sources */,
				D313E2912598396C007F1534 /* iOSViewControllerFactory.swift in Sources */,
				D38A604E2596DE06005E5D05 /* ResultsPresenter.swift in Sources */,
				D313E29B25983D2E007F1534 /* QuestionPresenter.swift in Sources */,
				D31C486A258B3499004159EB /* PresentableAnswer.swift in Sources */,
				D31C486F258B34DA004159EB /* CorrectAnswerCell.swift in Sources */,
				D31C4865258B3472004159EB /* UITableViewExtensions.swift in Sources */,
			);
			runOnlyForDeploymentPostprocessing = 0;
		};
		D3CC9CB725885908001F81D7 /* Sources */ = {
			isa = PBXSourcesBuildPhase;
			buildActionMask = 2147483647;
			files = (
				D302F847259053E10071B4C0 /* NavigationControllerRouterTests.swift in Sources */,
				D33D3A5025958FFD0020A855 /* iOSViewControllerFactoryTests.swift in Sources */,
				D35B1D6025B2933000CE08DF /* ScoreTests.swift in Sources */,
				D313E29725983C57007F1534 /* QuestionPresenterTests.swift in Sources */,
				D3E80F642589D5080082BA78 /* UITableViewExtensions.swift in Sources */,
				D38A604A2596DC90005E5D05 /* ResultsPresenterTests.swift in Sources */,
				D3CC9CE2258859E5001F81D7 /* QuestionVCTests.swift in Sources */,
				D3E80F552589D2080082BA78 /* ResultVCTests.swift in Sources */,
			);
			runOnlyForDeploymentPostprocessing = 0;
		};
		D3CC9CC225885908001F81D7 /* Sources */ = {
			isa = PBXSourcesBuildPhase;
			buildActionMask = 2147483647;
			files = (
				D3CC9CCB25885908001F81D7 /* QuizAppUITests.swift in Sources */,
			);
			runOnlyForDeploymentPostprocessing = 0;
		};
/* End PBXSourcesBuildPhase section */

/* Begin PBXTargetDependency section */
		D3CC9CBD25885908001F81D7 /* PBXTargetDependency */ = {
			isa = PBXTargetDependency;
			target = D3CC9CA425885907001F81D7 /* QuizApp */;
			targetProxy = D3CC9CBC25885908001F81D7 /* PBXContainerItemProxy */;
		};
		D3CC9CC825885908001F81D7 /* PBXTargetDependency */ = {
			isa = PBXTargetDependency;
			target = D3CC9CA425885907001F81D7 /* QuizApp */;
			targetProxy = D3CC9CC725885908001F81D7 /* PBXContainerItemProxy */;
		};
/* End PBXTargetDependency section */

/* Begin PBXVariantGroup section */
		D3CC9CB325885908001F81D7 /* LaunchScreen.storyboard */ = {
			isa = PBXVariantGroup;
			children = (
				D3CC9CB425885908001F81D7 /* Base */,
			);
			name = LaunchScreen.storyboard;
			sourceTree = "<group>";
		};
/* End PBXVariantGroup section */

/* Begin XCBuildConfiguration section */
		D3CC9CCD25885908001F81D7 /* Debug */ = {
			isa = XCBuildConfiguration;
			buildSettings = {
				ALWAYS_SEARCH_USER_PATHS = NO;
				CLANG_ANALYZER_NONNULL = YES;
				CLANG_ANALYZER_NUMBER_OBJECT_CONVERSION = YES_AGGRESSIVE;
				CLANG_CXX_LANGUAGE_STANDARD = "gnu++14";
				CLANG_CXX_LIBRARY = "libc++";
				CLANG_ENABLE_MODULES = YES;
				CLANG_ENABLE_OBJC_ARC = YES;
				CLANG_ENABLE_OBJC_WEAK = YES;
				CLANG_WARN_BLOCK_CAPTURE_AUTORELEASING = YES;
				CLANG_WARN_BOOL_CONVERSION = YES;
				CLANG_WARN_COMMA = YES;
				CLANG_WARN_CONSTANT_CONVERSION = YES;
				CLANG_WARN_DEPRECATED_OBJC_IMPLEMENTATIONS = YES;
				CLANG_WARN_DIRECT_OBJC_ISA_USAGE = YES_ERROR;
				CLANG_WARN_DOCUMENTATION_COMMENTS = YES;
				CLANG_WARN_EMPTY_BODY = YES;
				CLANG_WARN_ENUM_CONVERSION = YES;
				CLANG_WARN_INFINITE_RECURSION = YES;
				CLANG_WARN_INT_CONVERSION = YES;
				CLANG_WARN_NON_LITERAL_NULL_CONVERSION = YES;
				CLANG_WARN_OBJC_IMPLICIT_RETAIN_SELF = YES;
				CLANG_WARN_OBJC_LITERAL_CONVERSION = YES;
				CLANG_WARN_OBJC_ROOT_CLASS = YES_ERROR;
				CLANG_WARN_QUOTED_INCLUDE_IN_FRAMEWORK_HEADER = YES;
				CLANG_WARN_RANGE_LOOP_ANALYSIS = YES;
				CLANG_WARN_STRICT_PROTOTYPES = YES;
				CLANG_WARN_SUSPICIOUS_MOVE = YES;
				CLANG_WARN_UNGUARDED_AVAILABILITY = YES_AGGRESSIVE;
				CLANG_WARN_UNREACHABLE_CODE = YES;
				CLANG_WARN__DUPLICATE_METHOD_MATCH = YES;
				COPY_PHASE_STRIP = NO;
				DEBUG_INFORMATION_FORMAT = dwarf;
				ENABLE_STRICT_OBJC_MSGSEND = YES;
				ENABLE_TESTABILITY = YES;
				GCC_C_LANGUAGE_STANDARD = gnu11;
				GCC_DYNAMIC_NO_PIC = NO;
				GCC_NO_COMMON_BLOCKS = YES;
				GCC_OPTIMIZATION_LEVEL = 0;
				GCC_PREPROCESSOR_DEFINITIONS = (
					"DEBUG=1",
					"$(inherited)",
				);
				GCC_WARN_64_TO_32_BIT_CONVERSION = YES;
				GCC_WARN_ABOUT_RETURN_TYPE = YES_ERROR;
				GCC_WARN_UNDECLARED_SELECTOR = YES;
				GCC_WARN_UNINITIALIZED_AUTOS = YES_AGGRESSIVE;
				GCC_WARN_UNUSED_FUNCTION = YES;
				GCC_WARN_UNUSED_VARIABLE = YES;
				IPHONEOS_DEPLOYMENT_TARGET = 14.1;
				MTL_ENABLE_DEBUG_INFO = INCLUDE_SOURCE;
				MTL_FAST_MATH = YES;
				ONLY_ACTIVE_ARCH = YES;
				SDKROOT = iphoneos;
				SWIFT_ACTIVE_COMPILATION_CONDITIONS = DEBUG;
				SWIFT_OPTIMIZATION_LEVEL = "-Onone";
			};
			name = Debug;
		};
		D3CC9CCE25885908001F81D7 /* Release */ = {
			isa = XCBuildConfiguration;
			buildSettings = {
				ALWAYS_SEARCH_USER_PATHS = NO;
				CLANG_ANALYZER_NONNULL = YES;
				CLANG_ANALYZER_NUMBER_OBJECT_CONVERSION = YES_AGGRESSIVE;
				CLANG_CXX_LANGUAGE_STANDARD = "gnu++14";
				CLANG_CXX_LIBRARY = "libc++";
				CLANG_ENABLE_MODULES = YES;
				CLANG_ENABLE_OBJC_ARC = YES;
				CLANG_ENABLE_OBJC_WEAK = YES;
				CLANG_WARN_BLOCK_CAPTURE_AUTORELEASING = YES;
				CLANG_WARN_BOOL_CONVERSION = YES;
				CLANG_WARN_COMMA = YES;
				CLANG_WARN_CONSTANT_CONVERSION = YES;
				CLANG_WARN_DEPRECATED_OBJC_IMPLEMENTATIONS = YES;
				CLANG_WARN_DIRECT_OBJC_ISA_USAGE = YES_ERROR;
				CLANG_WARN_DOCUMENTATION_COMMENTS = YES;
				CLANG_WARN_EMPTY_BODY = YES;
				CLANG_WARN_ENUM_CONVERSION = YES;
				CLANG_WARN_INFINITE_RECURSION = YES;
				CLANG_WARN_INT_CONVERSION = YES;
				CLANG_WARN_NON_LITERAL_NULL_CONVERSION = YES;
				CLANG_WARN_OBJC_IMPLICIT_RETAIN_SELF = YES;
				CLANG_WARN_OBJC_LITERAL_CONVERSION = YES;
				CLANG_WARN_OBJC_ROOT_CLASS = YES_ERROR;
				CLANG_WARN_QUOTED_INCLUDE_IN_FRAMEWORK_HEADER = YES;
				CLANG_WARN_RANGE_LOOP_ANALYSIS = YES;
				CLANG_WARN_STRICT_PROTOTYPES = YES;
				CLANG_WARN_SUSPICIOUS_MOVE = YES;
				CLANG_WARN_UNGUARDED_AVAILABILITY = YES_AGGRESSIVE;
				CLANG_WARN_UNREACHABLE_CODE = YES;
				CLANG_WARN__DUPLICATE_METHOD_MATCH = YES;
				COPY_PHASE_STRIP = NO;
				DEBUG_INFORMATION_FORMAT = "dwarf-with-dsym";
				ENABLE_NS_ASSERTIONS = NO;
				ENABLE_STRICT_OBJC_MSGSEND = YES;
				GCC_C_LANGUAGE_STANDARD = gnu11;
				GCC_NO_COMMON_BLOCKS = YES;
				GCC_WARN_64_TO_32_BIT_CONVERSION = YES;
				GCC_WARN_ABOUT_RETURN_TYPE = YES_ERROR;
				GCC_WARN_UNDECLARED_SELECTOR = YES;
				GCC_WARN_UNINITIALIZED_AUTOS = YES_AGGRESSIVE;
				GCC_WARN_UNUSED_FUNCTION = YES;
				GCC_WARN_UNUSED_VARIABLE = YES;
				IPHONEOS_DEPLOYMENT_TARGET = 14.1;
				MTL_ENABLE_DEBUG_INFO = NO;
				MTL_FAST_MATH = YES;
				SDKROOT = iphoneos;
				SWIFT_COMPILATION_MODE = wholemodule;
				SWIFT_OPTIMIZATION_LEVEL = "-O";
				VALIDATE_PRODUCT = YES;
			};
			name = Release;
		};
		D3CC9CD025885908001F81D7 /* Debug */ = {
			isa = XCBuildConfiguration;
			buildSettings = {
				ASSETCATALOG_COMPILER_APPICON_NAME = AppIcon;
				ASSETCATALOG_COMPILER_GLOBAL_ACCENT_COLOR_NAME = AccentColor;
				CODE_SIGN_STYLE = Automatic;
				DEVELOPMENT_TEAM = TLNUVH8MS9;
				INFOPLIST_FILE = QuizApp/Main/Info.plist;
				LD_RUNPATH_SEARCH_PATHS = (
					"$(inherited)",
					"@executable_path/Frameworks",
				);
				PRODUCT_BUNDLE_IDENTIFIER = com..QuizApp;
				PRODUCT_NAME = "$(TARGET_NAME)";
				SWIFT_VERSION = 5.0;
				TARGETED_DEVICE_FAMILY = "1,2";
			};
			name = Debug;
		};
		D3CC9CD125885908001F81D7 /* Release */ = {
			isa = XCBuildConfiguration;
			buildSettings = {
				ASSETCATALOG_COMPILER_APPICON_NAME = AppIcon;
				ASSETCATALOG_COMPILER_GLOBAL_ACCENT_COLOR_NAME = AccentColor;
				CODE_SIGN_STYLE = Automatic;
				DEVELOPMENT_TEAM = TLNUVH8MS9;
				INFOPLIST_FILE = QuizApp/Main/Info.plist;
				LD_RUNPATH_SEARCH_PATHS = (
					"$(inherited)",
					"@executable_path/Frameworks",
				);
				PRODUCT_BUNDLE_IDENTIFIER = com..QuizApp;
				PRODUCT_NAME = "$(TARGET_NAME)";
				SWIFT_VERSION = 5.0;
				TARGETED_DEVICE_FAMILY = "1,2";
			};
			name = Release;
		};
		D3CC9CD325885908001F81D7 /* Debug */ = {
			isa = XCBuildConfiguration;
			buildSettings = {
				ALWAYS_EMBED_SWIFT_STANDARD_LIBRARIES = YES;
				BUNDLE_LOADER = "$(TEST_HOST)";
				CODE_SIGN_STYLE = Automatic;
				DEVELOPMENT_TEAM = TLNUVH8MS9;
				INFOPLIST_FILE = QuizAppTests/Main/Info.plist;
				IPHONEOS_DEPLOYMENT_TARGET = 14.1;
				LD_RUNPATH_SEARCH_PATHS = (
					"$(inherited)",
					"@executable_path/Frameworks",
					"@loader_path/Frameworks",
				);
				PRODUCT_BUNDLE_IDENTIFIER = com..QuizAppTests;
				PRODUCT_NAME = "$(TARGET_NAME)";
				SWIFT_VERSION = 5.0;
				TARGETED_DEVICE_FAMILY = "1,2";
				TEST_HOST = "$(BUILT_PRODUCTS_DIR)/QuizApp.app/QuizApp";
			};
			name = Debug;
		};
		D3CC9CD425885908001F81D7 /* Release */ = {
			isa = XCBuildConfiguration;
			buildSettings = {
				ALWAYS_EMBED_SWIFT_STANDARD_LIBRARIES = YES;
				BUNDLE_LOADER = "$(TEST_HOST)";
				CODE_SIGN_STYLE = Automatic;
				DEVELOPMENT_TEAM = TLNUVH8MS9;
				INFOPLIST_FILE = QuizAppTests/Main/Info.plist;
				IPHONEOS_DEPLOYMENT_TARGET = 14.1;
				LD_RUNPATH_SEARCH_PATHS = (
					"$(inherited)",
					"@executable_path/Frameworks",
					"@loader_path/Frameworks",
				);
				PRODUCT_BUNDLE_IDENTIFIER = com..QuizAppTests;
				PRODUCT_NAME = "$(TARGET_NAME)";
				SWIFT_VERSION = 5.0;
				TARGETED_DEVICE_FAMILY = "1,2";
				TEST_HOST = "$(BUILT_PRODUCTS_DIR)/QuizApp.app/QuizApp";
			};
			name = Release;
		};
		D3CC9CD625885908001F81D7 /* Debug */ = {
			isa = XCBuildConfiguration;
			buildSettings = {
				ALWAYS_EMBED_SWIFT_STANDARD_LIBRARIES = YES;
				CODE_SIGN_STYLE = Automatic;
				DEVELOPMENT_TEAM = TLNUVH8MS9;
				INFOPLIST_FILE = QuizAppUITests/Info.plist;
				LD_RUNPATH_SEARCH_PATHS = (
					"$(inherited)",
					"@executable_path/Frameworks",
					"@loader_path/Frameworks",
				);
				PRODUCT_BUNDLE_IDENTIFIER = com..QuizAppUITests;
				PRODUCT_NAME = "$(TARGET_NAME)";
				SWIFT_VERSION = 5.0;
				TARGETED_DEVICE_FAMILY = "1,2";
				TEST_TARGET_NAME = QuizApp;
			};
			name = Debug;
		};
		D3CC9CD725885908001F81D7 /* Release */ = {
			isa = XCBuildConfiguration;
			buildSettings = {
				ALWAYS_EMBED_SWIFT_STANDARD_LIBRARIES = YES;
				CODE_SIGN_STYLE = Automatic;
				DEVELOPMENT_TEAM = TLNUVH8MS9;
				INFOPLIST_FILE = QuizAppUITests/Info.plist;
				LD_RUNPATH_SEARCH_PATHS = (
					"$(inherited)",
					"@executable_path/Frameworks",
					"@loader_path/Frameworks",
				);
				PRODUCT_BUNDLE_IDENTIFIER = com..QuizAppUITests;
				PRODUCT_NAME = "$(TARGET_NAME)";
				SWIFT_VERSION = 5.0;
				TARGETED_DEVICE_FAMILY = "1,2";
				TEST_TARGET_NAME = QuizApp;
			};
			name = Release;
		};
/* End XCBuildConfiguration section */

/* Begin XCConfigurationList section */
		D3CC9CA025885907001F81D7 /* Build configuration list for PBXProject "QuizApp" */ = {
			isa = XCConfigurationList;
			buildConfigurations = (
				D3CC9CCD25885908001F81D7 /* Debug */,
				D3CC9CCE25885908001F81D7 /* Release */,
			);
			defaultConfigurationIsVisible = 0;
			defaultConfigurationName = Release;
		};
		D3CC9CCF25885908001F81D7 /* Build configuration list for PBXNativeTarget "QuizApp" */ = {
			isa = XCConfigurationList;
			buildConfigurations = (
				D3CC9CD025885908001F81D7 /* Debug */,
				D3CC9CD125885908001F81D7 /* Release */,
			);
			defaultConfigurationIsVisible = 0;
			defaultConfigurationName = Release;
		};
		D3CC9CD225885908001F81D7 /* Build configuration list for PBXNativeTarget "QuizAppTests" */ = {
			isa = XCConfigurationList;
			buildConfigurations = (
				D3CC9CD325885908001F81D7 /* Debug */,
				D3CC9CD425885908001F81D7 /* Release */,
			);
			defaultConfigurationIsVisible = 0;
			defaultConfigurationName = Release;
		};
		D3CC9CD525885908001F81D7 /* Build configuration list for PBXNativeTarget "QuizAppUITests" */ = {
			isa = XCConfigurationList;
			buildConfigurations = (
				D3CC9CD625885908001F81D7 /* Debug */,
				D3CC9CD725885908001F81D7 /* Release */,
			);
			defaultConfigurationIsVisible = 0;
			defaultConfigurationName = Release;
		};
/* End XCConfigurationList section */
	};
	rootObject = D3CC9C9D25885907001F81D7 /* Project object */;
}
